
Microsoft Visual Studio Solution File, Format Version 12.00
# Visual Studio 15
Project("{FAE04EC0-301F-11D3-BF4B-00C04F79EFBC}") = "Tehtava10_4_EsimerkkiVastaus", "Tehtava10_4_EsimerkkiVastaus\Tehtava10_4_EsimerkkiVastaus.csproj", "{F2CDC212-9654-4280-85C5-9A44BB80CE1B}"
EndProject
Global
	GlobalSection(SolutionConfigurationPlatforms) = preSolution
		Debug|Any CPU = Debug|Any CPU
		Release|Any CPU = Release|Any CPU
	EndGlobalSection
	GlobalSection(ProjectConfigurationPlatforms) = postSolution
		{F2CDC212-9654-4280-85C5-9A44BB80CE1B}.Debug|Any CPU.ActiveCfg = Debug|Any CPU
		{F2CDC212-9654-4280-85C5-9A44BB80CE1B}.Debug|Any CPU.Build.0 = Debug|Any CPU
		{F2CDC212-9654-4280-85C5-9A44BB80CE1B}.Release|Any CPU.ActiveCfg = Release|Any CPU
		{F2CDC212-9654-4280-85C5-9A44BB80CE1B}.Release|Any CPU.Build.0 = Release|Any CPU
	EndGlobalSection
EndGlobal
