
Microsoft Visual Studio Solution File, Format Version 12.00
# Visual Studio 15
Project("{FAE04EC0-301F-11D3-BF4B-00C04F79EFBC}") = "Esimerkki8_5_liittyman_interfaces_periytyminen", "Esimerkki8_5_liittyman_interfaces_periytyminen\Esimerkki8_5_liittyman_interfaces_periytyminen.csproj", "{3313C4CC-9F51-4368-BE8F-C19E44E77C79}"
EndProject
Global
	GlobalSection(SolutionConfigurationPlatforms) = preSolution
		Debug|Any CPU = Debug|Any CPU
		Release|Any CPU = Release|Any CPU
	EndGlobalSection
	GlobalSection(ProjectConfigurationPlatforms) = postSolution
		{3313C4CC-9F51-4368-BE8F-C19E44E77C79}.Debug|Any CPU.ActiveCfg = Debug|Any CPU
		{3313C4CC-9F51-4368-BE8F-C19E44E77C79}.Debug|Any CPU.Build.0 = Debug|Any CPU
		{3313C4CC-9F51-4368-BE8F-C19E44E77C79}.Release|Any CPU.ActiveCfg = Release|Any CPU
		{3313C4CC-9F51-4368-BE8F-C19E44E77C79}.Release|Any CPU.Build.0 = Release|Any CPU
	EndGlobalSection
EndGlobal
