
Microsoft Visual Studio Solution File, Format Version 12.00
# Visual Studio 15
Project("{FAE04EC0-301F-11D3-BF4B-00C04F79EFBC}") = "Esimerkki6_4_set_get_property_kenta", "Esimerkki6_4_set_get_property_kenta\Esimerkki6_4_set_get_property_kenta.csproj", "{0EBB184F-E979-484F-A0B5-FFFAF06CB05F}"
EndProject
Global
	GlobalSection(SolutionConfigurationPlatforms) = preSolution
		Debug|Any CPU = Debug|Any CPU
		Release|Any CPU = Release|Any CPU
	EndGlobalSection
	GlobalSection(ProjectConfigurationPlatforms) = postSolution
		{0EBB184F-E979-484F-A0B5-FFFAF06CB05F}.Debug|Any CPU.ActiveCfg = Debug|Any CPU
		{0EBB184F-E979-484F-A0B5-FFFAF06CB05F}.Debug|Any CPU.Build.0 = Debug|Any CPU
		{0EBB184F-E979-484F-A0B5-FFFAF06CB05F}.Release|Any CPU.ActiveCfg = Release|Any CPU
		{0EBB184F-E979-484F-A0B5-FFFAF06CB05F}.Release|Any CPU.Build.0 = Release|Any CPU
	EndGlobalSection
EndGlobal
