
Microsoft Visual Studio Solution File, Format Version 12.00
# Visual Studio 15
Project("{FAE04EC0-301F-11D3-BF4B-00C04F79EFBC}") = "Esimerkki10_6_FileStream_oldText_after", "Esimerkki10_6_FileStream_oldText_after\Esimerkki10_6_FileStream_oldText_after.csproj", "{E6905A03-A831-4035-8761-D186CC3B7DEF}"
EndProject
Global
	GlobalSection(SolutionConfigurationPlatforms) = preSolution
		Debug|Any CPU = Debug|Any CPU
		Release|Any CPU = Release|Any CPU
	EndGlobalSection
	GlobalSection(ProjectConfigurationPlatforms) = postSolution
		{E6905A03-A831-4035-8761-D186CC3B7DEF}.Debug|Any CPU.ActiveCfg = Debug|Any CPU
		{E6905A03-A831-4035-8761-D186CC3B7DEF}.Debug|Any CPU.Build.0 = Debug|Any CPU
		{E6905A03-A831-4035-8761-D186CC3B7DEF}.Release|Any CPU.ActiveCfg = Release|Any CPU
		{E6905A03-A831-4035-8761-D186CC3B7DEF}.Release|Any CPU.Build.0 = Release|Any CPU
	EndGlobalSection
EndGlobal
