
Microsoft Visual Studio Solution File, Format Version 12.00
# Visual Studio 15
Project("{FAE04EC0-301F-11D3-BF4B-00C04F79EFBC}") = "Esimerkki10_5_tiedostojen_sisällön_käsittely", "Esimerkki10_5_tiedostojen_sisällön_käsittely\Esimerkki10_5_tiedostojen_sisällön_käsittely.csproj", "{D7CC59B9-12F2-49B1-B8DF-DFD23E9FE1BF}"
EndProject
Global
	GlobalSection(SolutionConfigurationPlatforms) = preSolution
		Debug|Any CPU = Debug|Any CPU
		Release|Any CPU = Release|Any CPU
	EndGlobalSection
	GlobalSection(ProjectConfigurationPlatforms) = postSolution
		{D7CC59B9-12F2-49B1-B8DF-DFD23E9FE1BF}.Debug|Any CPU.ActiveCfg = Debug|Any CPU
		{D7CC59B9-12F2-49B1-B8DF-DFD23E9FE1BF}.Debug|Any CPU.Build.0 = Debug|Any CPU
		{D7CC59B9-12F2-49B1-B8DF-DFD23E9FE1BF}.Release|Any CPU.ActiveCfg = Release|Any CPU
		{D7CC59B9-12F2-49B1-B8DF-DFD23E9FE1BF}.Release|Any CPU.Build.0 = Release|Any CPU
	EndGlobalSection
EndGlobal
