
Microsoft Visual Studio Solution File, Format Version 12.00
# Visual Studio 15
Project("{FAE04EC0-301F-11D3-BF4B-00C04F79EFBC}") = "Esimerkki6_5_olio_has_a_otherOlio", "Esimerkki6_5_olio_has_a_otherOlio\Esimerkki6_5_olio_has_a_otherOlio.csproj", "{88BE73E3-691C-4754-B8D6-326A00572C3F}"
EndProject
Global
	GlobalSection(SolutionConfigurationPlatforms) = preSolution
		Debug|Any CPU = Debug|Any CPU
		Release|Any CPU = Release|Any CPU
	EndGlobalSection
	GlobalSection(ProjectConfigurationPlatforms) = postSolution
		{88BE73E3-691C-4754-B8D6-326A00572C3F}.Debug|Any CPU.ActiveCfg = Debug|Any CPU
		{88BE73E3-691C-4754-B8D6-326A00572C3F}.Debug|Any CPU.Build.0 = Debug|Any CPU
		{88BE73E3-691C-4754-B8D6-326A00572C3F}.Release|Any CPU.ActiveCfg = Release|Any CPU
		{88BE73E3-691C-4754-B8D6-326A00572C3F}.Release|Any CPU.Build.0 = Release|Any CPU
	EndGlobalSection
EndGlobal
