
Microsoft Visual Studio Solution File, Format Version 12.00
# Visual Studio 15
Project("{FAE04EC0-301F-11D3-BF4B-00C04F79EFBC}") = "Esimerkki6_9_using_nimiAvaruus", "Esimerkki6_9_using_nimiAvaruus\Esimerkki6_9_using_nimiAvaruus.csproj", "{02254B09-76E7-44D6-A021-6A72CD132F4D}"
EndProject
Global
	GlobalSection(SolutionConfigurationPlatforms) = preSolution
		Debug|Any CPU = Debug|Any CPU
		Release|Any CPU = Release|Any CPU
	EndGlobalSection
	GlobalSection(ProjectConfigurationPlatforms) = postSolution
		{02254B09-76E7-44D6-A021-6A72CD132F4D}.Debug|Any CPU.ActiveCfg = Debug|Any CPU
		{02254B09-76E7-44D6-A021-6A72CD132F4D}.Debug|Any CPU.Build.0 = Debug|Any CPU
		{02254B09-76E7-44D6-A021-6A72CD132F4D}.Release|Any CPU.ActiveCfg = Release|Any CPU
		{02254B09-76E7-44D6-A021-6A72CD132F4D}.Release|Any CPU.Build.0 = Release|Any CPU
	EndGlobalSection
EndGlobal
