
Microsoft Visual Studio Solution File, Format Version 12.00
# Visual Studio 15
Project("{FAE04EC0-301F-11D3-BF4B-00C04F79EFBC}") = "Tehtava10_3_Serialization_Object", "Tehtava10_3_Serialization_Object\Tehtava10_3_Serialization_Object.csproj", "{FA228B90-9BD8-4E9B-B2D9-7F281229AB8B}"
EndProject
Global
	GlobalSection(SolutionConfigurationPlatforms) = preSolution
		Debug|Any CPU = Debug|Any CPU
		Release|Any CPU = Release|Any CPU
	EndGlobalSection
	GlobalSection(ProjectConfigurationPlatforms) = postSolution
		{FA228B90-9BD8-4E9B-B2D9-7F281229AB8B}.Debug|Any CPU.ActiveCfg = Debug|Any CPU
		{FA228B90-9BD8-4E9B-B2D9-7F281229AB8B}.Debug|Any CPU.Build.0 = Debug|Any CPU
		{FA228B90-9BD8-4E9B-B2D9-7F281229AB8B}.Release|Any CPU.ActiveCfg = Release|Any CPU
		{FA228B90-9BD8-4E9B-B2D9-7F281229AB8B}.Release|Any CPU.Build.0 = Release|Any CPU
	EndGlobalSection
EndGlobal
