
Microsoft Visual Studio Solution File, Format Version 12.00
# Visual Studio 15
Project("{FAE04EC0-301F-11D3-BF4B-00C04F79EFBC}") = "Tehtava8_2_2", "Tehtava8_2_2\Tehtava8_2_2.csproj", "{567A4C5D-5E77-4CA7-8AAE-D594574C85B7}"
EndProject
Global
	GlobalSection(SolutionConfigurationPlatforms) = preSolution
		Debug|Any CPU = Debug|Any CPU
		Release|Any CPU = Release|Any CPU
	EndGlobalSection
	GlobalSection(ProjectConfigurationPlatforms) = postSolution
		{567A4C5D-5E77-4CA7-8AAE-D594574C85B7}.Debug|Any CPU.ActiveCfg = Debug|Any CPU
		{567A4C5D-5E77-4CA7-8AAE-D594574C85B7}.Debug|Any CPU.Build.0 = Debug|Any CPU
		{567A4C5D-5E77-4CA7-8AAE-D594574C85B7}.Release|Any CPU.ActiveCfg = Release|Any CPU
		{567A4C5D-5E77-4CA7-8AAE-D594574C85B7}.Release|Any CPU.Build.0 = Release|Any CPU
	EndGlobalSection
EndGlobal
