
Microsoft Visual Studio Solution File, Format Version 12.00
# Visual Studio 15
Project("{FAE04EC0-301F-11D3-BF4B-00C04F79EFBC}") = "Esimerkki10_2_FileInfo", "Esimerkki10_2_FileInfo\Esimerkki10_2_FileInfo.csproj", "{161CA8B4-5B17-41E3-9A81-25F67ADDFE25}"
EndProject
Global
	GlobalSection(SolutionConfigurationPlatforms) = preSolution
		Debug|Any CPU = Debug|Any CPU
		Release|Any CPU = Release|Any CPU
	EndGlobalSection
	GlobalSection(ProjectConfigurationPlatforms) = postSolution
		{161CA8B4-5B17-41E3-9A81-25F67ADDFE25}.Debug|Any CPU.ActiveCfg = Debug|Any CPU
		{161CA8B4-5B17-41E3-9A81-25F67ADDFE25}.Debug|Any CPU.Build.0 = Debug|Any CPU
		{161CA8B4-5B17-41E3-9A81-25F67ADDFE25}.Release|Any CPU.ActiveCfg = Release|Any CPU
		{161CA8B4-5B17-41E3-9A81-25F67ADDFE25}.Release|Any CPU.Build.0 = Release|Any CPU
	EndGlobalSection
EndGlobal
