
Microsoft Visual Studio Solution File, Format Version 12.00
# Visual Studio 15
Project("{FAE04EC0-301F-11D3-BF4B-00C04F79EFBC}") = "Esimerkki10_9_STREAMREADER_STREAMWRITER", "Esimerkki10_9_STREAMREADER_STREAMWRITER\Esimerkki10_9_STREAMREADER_STREAMWRITER.csproj", "{999A5338-4A3C-480C-BE5C-60FC6499449D}"
EndProject
Global
	GlobalSection(SolutionConfigurationPlatforms) = preSolution
		Debug|Any CPU = Debug|Any CPU
		Release|Any CPU = Release|Any CPU
	EndGlobalSection
	GlobalSection(ProjectConfigurationPlatforms) = postSolution
		{999A5338-4A3C-480C-BE5C-60FC6499449D}.Debug|Any CPU.ActiveCfg = Debug|Any CPU
		{999A5338-4A3C-480C-BE5C-60FC6499449D}.Debug|Any CPU.Build.0 = Debug|Any CPU
		{999A5338-4A3C-480C-BE5C-60FC6499449D}.Release|Any CPU.ActiveCfg = Release|Any CPU
		{999A5338-4A3C-480C-BE5C-60FC6499449D}.Release|Any CPU.Build.0 = Release|Any CPU
	EndGlobalSection
EndGlobal
