
Microsoft Visual Studio Solution File, Format Version 12.00
# Visual Studio 15
Project("{FAE04EC0-301F-11D3-BF4B-00C04F79EFBC}") = "Teht4_6_vain_alkuluvut", "Teht4_6_vain_alkuluvut\Teht4_6_vain_alkuluvut.csproj", "{01B9AE63-FF98-4433-BA2C-33FF3FA71CE4}"
EndProject
Global
	GlobalSection(SolutionConfigurationPlatforms) = preSolution
		Debug|Any CPU = Debug|Any CPU
		Release|Any CPU = Release|Any CPU
	EndGlobalSection
	GlobalSection(ProjectConfigurationPlatforms) = postSolution
		{01B9AE63-FF98-4433-BA2C-33FF3FA71CE4}.Debug|Any CPU.ActiveCfg = Debug|Any CPU
		{01B9AE63-FF98-4433-BA2C-33FF3FA71CE4}.Debug|Any CPU.Build.0 = Debug|Any CPU
		{01B9AE63-FF98-4433-BA2C-33FF3FA71CE4}.Release|Any CPU.ActiveCfg = Release|Any CPU
		{01B9AE63-FF98-4433-BA2C-33FF3FA71CE4}.Release|Any CPU.Build.0 = Release|Any CPU
	EndGlobalSection
EndGlobal
